
Microsoft Visual Studio Solution File, Format Version 12.00
# Visual Studio 2013
VisualStudioVersion = 12.0.21005.1
MinimumVisualStudioVersion = 10.0.40219.1
Project("{FAE04EC0-301F-11D3-BF4B-00C04F79EFBC}") = "PcPay_Final", "PcPay_Final\PcPay_Final.csproj", "{8F4A7BA2-91C6-4AD0-AE42-33A7139C75F5}"
EndProject
Project("{54435603-DBB4-11D2-8724-00A0C9A8B90C}") = "PcPay", "InstallerPcPay\InstallerPcPay.vdproj", "{56B91AD5-074A-44FC-AD96-1AC06523C603}"
EndProject
Global
	GlobalSection(SolutionConfigurationPlatforms) = preSolution
		Debug|Any CPU = Debug|Any CPU
		Release|Any CPU = Release|Any CPU
	EndGlobalSection
	GlobalSection(ProjectConfigurationPlatforms) = postSolution
		{8F4A7BA2-91C6-4AD0-AE42-33A7139C75F5}.Debug|Any CPU.ActiveCfg = Debug|Any CPU
		{8F4A7BA2-91C6-4AD0-AE42-33A7139C75F5}.Debug|Any CPU.Build.0 = Debug|Any CPU
		{8F4A7BA2-91C6-4AD0-AE42-33A7139C75F5}.Release|Any CPU.ActiveCfg = Release|Any CPU
		{8F4A7BA2-91C6-4AD0-AE42-33A7139C75F5}.Release|Any CPU.Build.0 = Release|Any CPU
		{56B91AD5-074A-44FC-AD96-1AC06523C603}.Debug|Any CPU.ActiveCfg = Debug
		{56B91AD5-074A-44FC-AD96-1AC06523C603}.Debug|Any CPU.Build.0 = Debug
		{56B91AD5-074A-44FC-AD96-1AC06523C603}.Release|Any CPU.ActiveCfg = Release
		{56B91AD5-074A-44FC-AD96-1AC06523C603}.Release|Any CPU.Build.0 = Release
	EndGlobalSection
	GlobalSection(SolutionProperties) = preSolution
		HideSolutionNode = FALSE
	EndGlobalSection
EndGlobal
